
Microsoft Visual Studio Solution File, Format Version 12.00
# Visual Studio 2013
VisualStudioVersion = 12.0.30501.0
MinimumVisualStudioVersion = 10.0.40219.1
Project("{FAE04EC0-301F-11D3-BF4B-00C04F79EFBC}") = "Social Forces Multirun", "Social Forces Multirun\Social Forces Multirun.csproj", "{9675A35A-2E8C-4059-A4C6-3F4455FA1EFA}"
EndProject
Project("{FAE04EC0-301F-11D3-BF4B-00C04F79EFBC}") = "Social Forces Analysis", "Social Forces Analysis\Social Forces Analysis.csproj", "{C7A40F06-6CC2-427B-B2FB-A4D62ADDDF36}"
EndProject
Project("{FAE04EC0-301F-11D3-BF4B-00C04F79EFBC}") = "Social Forces Main", "Social Forces Main\Social Forces Main\Social Forces Main.csproj", "{CF017099-079B-4CF8-87E7-E1B718F2E41E}"
EndProject
Global
	GlobalSection(SolutionConfigurationPlatforms) = preSolution
		Debug|Any CPU = Debug|Any CPU
		Release|Any CPU = Release|Any CPU
	EndGlobalSection
	GlobalSection(ProjectConfigurationPlatforms) = postSolution
		{9675A35A-2E8C-4059-A4C6-3F4455FA1EFA}.Debug|Any CPU.ActiveCfg = Debug|Any CPU
		{9675A35A-2E8C-4059-A4C6-3F4455FA1EFA}.Debug|Any CPU.Build.0 = Debug|Any CPU
		{9675A35A-2E8C-4059-A4C6-3F4455FA1EFA}.Release|Any CPU.ActiveCfg = Release|Any CPU
		{9675A35A-2E8C-4059-A4C6-3F4455FA1EFA}.Release|Any CPU.Build.0 = Release|Any CPU
		{C7A40F06-6CC2-427B-B2FB-A4D62ADDDF36}.Debug|Any CPU.ActiveCfg = Debug|Any CPU
		{C7A40F06-6CC2-427B-B2FB-A4D62ADDDF36}.Debug|Any CPU.Build.0 = Debug|Any CPU
		{C7A40F06-6CC2-427B-B2FB-A4D62ADDDF36}.Release|Any CPU.ActiveCfg = Release|Any CPU
		{C7A40F06-6CC2-427B-B2FB-A4D62ADDDF36}.Release|Any CPU.Build.0 = Release|Any CPU
		{CF017099-079B-4CF8-87E7-E1B718F2E41E}.Debug|Any CPU.ActiveCfg = Debug|Any CPU
		{CF017099-079B-4CF8-87E7-E1B718F2E41E}.Debug|Any CPU.Build.0 = Debug|Any CPU
		{CF017099-079B-4CF8-87E7-E1B718F2E41E}.Release|Any CPU.ActiveCfg = Release|Any CPU
		{CF017099-079B-4CF8-87E7-E1B718F2E41E}.Release|Any CPU.Build.0 = Release|Any CPU
	EndGlobalSection
	GlobalSection(SolutionProperties) = preSolution
		HideSolutionNode = FALSE
	EndGlobalSection
EndGlobal
